
Microsoft Visual Studio Solution File, Format Version 12.00
# Visual Studio 15
Project("{FAE04EC0-301F-11D3-BF4B-00C04F79EFBC}") = "nal", "nal\nal.csproj", "{32C5D837-850B-4403-BEB8-1874756B41DF}"
EndProject
Global
	GlobalSection(SolutionConfigurationPlatforms) = preSolution
		Debug|Any CPU = Debug|Any CPU
		Release|Any CPU = Release|Any CPU
	EndGlobalSection
	GlobalSection(ProjectConfigurationPlatforms) = postSolution
		{32C5D837-850B-4403-BEB8-1874756B41DF}.Debug|Any CPU.ActiveCfg = Debug|Any CPU
		{32C5D837-850B-4403-BEB8-1874756B41DF}.Debug|Any CPU.Build.0 = Debug|Any CPU
		{32C5D837-850B-4403-BEB8-1874756B41DF}.Release|Any CPU.ActiveCfg = Release|Any CPU
		{32C5D837-850B-4403-BEB8-1874756B41DF}.Release|Any CPU.Build.0 = Release|Any CPU
	EndGlobalSection
EndGlobal
